
Microsoft Visual Studio Solution File, Format Version 12.00
# Visual Studio 15
VisualStudioVersion = 15.0.26730.3
MinimumVisualStudioVersion = 10.0.40219.1
Project("{F184B08F-C81C-45F6-A57F-5ABD9991F28F}") = "ClusteringKMeans", "ClusteringKMeans\ClusteringKMeans.vbproj", "{02703952-CCEB-4C5D-BC01-18C7CB7F11FF}"
EndProject
Project("{FAE04EC0-301F-11D3-BF4B-00C04F79EFBC}") = "iStoreApi", "iStoreApi\iStoreApi.csproj", "{2CA8768B-119D-48F2-8380-D7D2579C26A2}"
EndProject
Project("{FAE04EC0-301F-11D3-BF4B-00C04F79EFBC}") = "iStoreApi.Models", "iStoreApi.Models\iStoreApi.Models.csproj", "{1E550C65-BC71-46EB-A60E-DE2A496FC774}"
EndProject
Global
	GlobalSection(SolutionConfigurationPlatforms) = preSolution
		Debug|Any CPU = Debug|Any CPU
		Release|Any CPU = Release|Any CPU
	EndGlobalSection
	GlobalSection(ProjectConfigurationPlatforms) = postSolution
		{02703952-CCEB-4C5D-BC01-18C7CB7F11FF}.Debug|Any CPU.ActiveCfg = Debug|Any CPU
		{02703952-CCEB-4C5D-BC01-18C7CB7F11FF}.Debug|Any CPU.Build.0 = Debug|Any CPU
		{02703952-CCEB-4C5D-BC01-18C7CB7F11FF}.Release|Any CPU.ActiveCfg = Release|Any CPU
		{02703952-CCEB-4C5D-BC01-18C7CB7F11FF}.Release|Any CPU.Build.0 = Release|Any CPU
		{2CA8768B-119D-48F2-8380-D7D2579C26A2}.Debug|Any CPU.ActiveCfg = Debug|Any CPU
		{2CA8768B-119D-48F2-8380-D7D2579C26A2}.Debug|Any CPU.Build.0 = Debug|Any CPU
		{2CA8768B-119D-48F2-8380-D7D2579C26A2}.Release|Any CPU.ActiveCfg = Release|Any CPU
		{2CA8768B-119D-48F2-8380-D7D2579C26A2}.Release|Any CPU.Build.0 = Release|Any CPU
		{1E550C65-BC71-46EB-A60E-DE2A496FC774}.Debug|Any CPU.ActiveCfg = Debug|Any CPU
		{1E550C65-BC71-46EB-A60E-DE2A496FC774}.Debug|Any CPU.Build.0 = Debug|Any CPU
		{1E550C65-BC71-46EB-A60E-DE2A496FC774}.Release|Any CPU.ActiveCfg = Release|Any CPU
		{1E550C65-BC71-46EB-A60E-DE2A496FC774}.Release|Any CPU.Build.0 = Release|Any CPU
	EndGlobalSection
	GlobalSection(SolutionProperties) = preSolution
		HideSolutionNode = FALSE
	EndGlobalSection
	GlobalSection(ExtensibilityGlobals) = postSolution
		SolutionGuid = {F5861C74-A5BF-419B-A9CC-17801968EA12}
	EndGlobalSection
EndGlobal
